{
  "requires": true,
  "lockfileVersion": 1,
  "dependencies": {
    "rule-reactor": {
      "version": "0.1.14",
      "resolved": "https://registry.npmjs.org/rule-reactor/-/rule-reactor-0.1.14.tgz",
      "integrity": "sha512-Cbo6p3OSleGMXPI6d+fGse/UoSLxKEKJQ1ZgNQg7I1WUVyKRI2RL+zL5dNabwRBXXadT82cmolWDAjRvs3e9fw==",
      "requires": {
        "uuid": "2.0.3"
      }
    },
    "uuid": {
      "version": "2.0.3",
      "resolved": "https://registry.npmjs.org/uuid/-/uuid-2.0.3.tgz",
      "integrity": "sha1-Z+LoY3lyFVMN/zGOW/nc6/1Hsho="
    }
  }
}
