{
  "name": "knowledge-representation",
  "version": "1.0.0",
  "lockfileVersion": 1,
  "requires": true,
  "dependencies": {
    "arrobefr-jquery-calendar": {
      "version": "1.0.12",
      "resolved": "https://registry.npmjs.org/arrobefr-jquery-calendar/-/arrobefr-jquery-calendar-1.0.12.tgz",
      "integrity": "sha512-V0i2jIlIG9Xy1aWzD0/kHTT8b8PZ2dJsW59qOx6A2FteqJckONlc1luunJjvjqIcJ7t8oX1FXLZx5jjaVwmeXA==",
      "requires": {
        "bootstrap": "3.3.7",
        "jquery": "3.3.1",
        "jquery-touchswipe": "1.6.19",
        "moment": "2.22.2"
      }
    },
    "bootstrap": {
      "version": "3.3.7",
      "resolved": "https://registry.npmjs.org/bootstrap/-/bootstrap-3.3.7.tgz",
      "integrity": "sha1-WjiTlFSfIzMIdaOxUGVldPip63E="
    },
    "jquery": {
      "version": "3.3.1",
      "resolved": "https://registry.npmjs.org/jquery/-/jquery-3.3.1.tgz",
      "integrity": "sha512-Ubldcmxp5np52/ENotGxlLe6aGMvmF4R8S6tZjsP6Knsaxd/xp3Zrh50cG93lR6nPXyUFwzN3ZSOQI0wRJNdGg=="
    },
    "jquery-touchswipe": {
      "version": "1.6.19",
      "resolved": "https://registry.npmjs.org/jquery-touchswipe/-/jquery-touchswipe-1.6.19.tgz",
      "integrity": "sha512-b0BGje9reNRU3u6ksAK9QqnX7yBRgLNe/wYG7DOfyDlhBlYjayIT8bSOHmcuvptIDW/ubM9CTW/mnZf9Rohuow=="
    },
    "moment": {
      "version": "2.22.2",
      "resolved": "https://registry.npmjs.org/moment/-/moment-2.22.2.tgz",
      "integrity": "sha1-PCV/mDn8DpP/UxSWMiOeuQeD/2Y="
    }
  }
}
